{
  "name": "home",
  "lockfileVersion": 3,
  "requires": true,
  "packages": {
    "": {
      "dependencies": {
        "fast-average-color": "^9.4.0"
      }
    },
    "node_modules/fast-average-color": {
      "version": "9.4.0",
      "resolved": "https://registry.npmjs.org/fast-average-color/-/fast-average-color-9.4.0.tgz",
      "integrity": "sha512-bvM8vV6YwK07dPbzFz77zJaBcfF6ABVfgNwaxVgXc2G+o0e/tzLCF9WU8Ryp1r0Nkk6JuJNsWCzbb4cLOMlB+Q==",
      "engines": {
        "node": ">= 12"
      }
    }
  }
}
